
Microsoft Visual Studio Solution File, Format Version 12.00
# Visual Studio Version 17
VisualStudioVersion = 17.5.33530.505
MinimumVisualStudioVersion = 10.0.40219.1
Project("{FAE04EC0-301F-11D3-BF4B-00C04F79EFBC}") = "ConsoleApp1", "ConsoleApp1\ConsoleApp1.csproj", "{2C00C04B-FC2F-4174-A818-3F0A2E7CA942}"
EndProject
Global
	GlobalSection(SolutionConfigurationPlatforms) = preSolution
		Debug|Any CPU = Debug|Any CPU
		Release|Any CPU = Release|Any CPU
	EndGlobalSection
	GlobalSection(ProjectConfigurationPlatforms) = postSolution
		{2C00C04B-FC2F-4174-A818-3F0A2E7CA942}.Debug|Any CPU.ActiveCfg = Debug|Any CPU
		{2C00C04B-FC2F-4174-A818-3F0A2E7CA942}.Debug|Any CPU.Build.0 = Debug|Any CPU
		{2C00C04B-FC2F-4174-A818-3F0A2E7CA942}.Release|Any CPU.ActiveCfg = Release|Any CPU
		{2C00C04B-FC2F-4174-A818-3F0A2E7CA942}.Release|Any CPU.Build.0 = Release|Any CPU
	EndGlobalSection
	GlobalSection(SolutionProperties) = preSolution
		HideSolutionNode = FALSE
	EndGlobalSection
	GlobalSection(ExtensibilityGlobals) = postSolution
		SolutionGuid = {F3E70C07-AF0F-46B8-B16D-6E39EFFB0CF7}
	EndGlobalSection
EndGlobal
